# THIS IS AN AUTOGENERATED FILE. DO NOT EDIT THIS FILE DIRECTLY.
# yarn lockfile v1


playwright-core@1.56.1:
  version "1.56.1"
  resolved "https://registry.npmjs.org/playwright-core/-/playwright-core-1.56.1.tgz"
  integrity sha512-hutraynyn31F+Bifme+Ps9Vq59hKuUCz7H1kDOcBs+2oGguKkWTU50bBWrtz34OUWmIwpBTWDxaRPXrIXkgvmQ==

playwright@^1.56.1:
  version "1.56.1"
  resolved "https://registry.npmjs.org/playwright/-/playwright-1.56.1.tgz"
  integrity sha512-aFi5B0WovBHTEvpM3DzXTUaeN6eN0qWnTkKx4NQaH4Wvcmc153PdaY2UBdSYKaGYw+UyWXSVyxDUg5DoPEttjw==
  dependencies:
    playwright-core "1.56.1"
  optionalDependencies:
    fsevents "2.3.2"
